
Microsoft Visual Studio Solution File, Format Version 12.00
# Visual Studio Version 16
VisualStudioVersion = 16.0.30011.22
MinimumVisualStudioVersion = 10.0.40219.1
Project("{9A19103F-16F7-4668-BE54-9A1E7A4F7556}") = "AzureB2C.PolicyAnalyzer.Core", "AzureB2C.PolicyAnalyzer.Core\AzureB2C.PolicyAnalyzer.Core.csproj", "{863F7D47-867B-4577-BF0E-76E15504C91F}"
EndProject
Project("{9A19103F-16F7-4668-BE54-9A1E7A4F7556}") = "AzureB2C.PolicyAnalyzer.Core.Test", "AzureB2C.PolicyAnalyzer.Core.Test\AzureB2C.PolicyAnalyzer.Core.Test.csproj", "{521F021D-B611-437D-8488-0868A5249BFC}"
EndProject
Project("{9A19103F-16F7-4668-BE54-9A1E7A4F7556}") = "Azure B2C.PolicyAnalyzer.Jupyter.Extensions", "Azure B2C.PolicyAnalyzer.Jupyter.Extensions\Azure B2C.PolicyAnalyzer.Jupyter.Extensions.csproj", "{E1D8D844-5EBF-43E0-B216-06E38CD66983}"
EndProject
Project("{2150E333-8FDC-42A3-9474-1A3956D46DE8}") = "Notebooks", "Notebooks", "{252F3FD0-08D7-4218-85DF-3E8C91A21A71}"
EndProject
Global
	GlobalSection(SolutionConfigurationPlatforms) = preSolution
		Debug|Any CPU = Debug|Any CPU
		Release|Any CPU = Release|Any CPU
	EndGlobalSection
	GlobalSection(ProjectConfigurationPlatforms) = postSolution
		{863F7D47-867B-4577-BF0E-76E15504C91F}.Debug|Any CPU.ActiveCfg = Debug|Any CPU
		{863F7D47-867B-4577-BF0E-76E15504C91F}.Debug|Any CPU.Build.0 = Debug|Any CPU
		{863F7D47-867B-4577-BF0E-76E15504C91F}.Release|Any CPU.ActiveCfg = Release|Any CPU
		{863F7D47-867B-4577-BF0E-76E15504C91F}.Release|Any CPU.Build.0 = Release|Any CPU
		{521F021D-B611-437D-8488-0868A5249BFC}.Debug|Any CPU.ActiveCfg = Debug|Any CPU
		{521F021D-B611-437D-8488-0868A5249BFC}.Debug|Any CPU.Build.0 = Debug|Any CPU
		{521F021D-B611-437D-8488-0868A5249BFC}.Release|Any CPU.ActiveCfg = Release|Any CPU
		{521F021D-B611-437D-8488-0868A5249BFC}.Release|Any CPU.Build.0 = Release|Any CPU
		{E1D8D844-5EBF-43E0-B216-06E38CD66983}.Debug|Any CPU.ActiveCfg = Debug|Any CPU
		{E1D8D844-5EBF-43E0-B216-06E38CD66983}.Debug|Any CPU.Build.0 = Debug|Any CPU
		{E1D8D844-5EBF-43E0-B216-06E38CD66983}.Release|Any CPU.ActiveCfg = Release|Any CPU
		{E1D8D844-5EBF-43E0-B216-06E38CD66983}.Release|Any CPU.Build.0 = Release|Any CPU
	EndGlobalSection
	GlobalSection(SolutionProperties) = preSolution
		HideSolutionNode = FALSE
	EndGlobalSection
	GlobalSection(ExtensibilityGlobals) = postSolution
		SolutionGuid = {6E465EFC-A601-410F-BCF7-E3E11A4AAFAD}
	EndGlobalSection
EndGlobal
